
Microsoft Visual Studio Solution File, Format Version 12.00
# Visual Studio Version 16
VisualStudioVersion = 16.0.30413.136
MinimumVisualStudioVersion = 10.0.40219.1
Project("{FAE04EC0-301F-11D3-BF4B-00C04F79EFBC}") = "BMI Calculator", "BMI Calculator.csproj", "{083841E0-73E1-4289-811D-6B25AF651A7A}"
EndProject
Global
	GlobalSection(SolutionConfigurationPlatforms) = preSolution
		Debug|Any CPU = Debug|Any CPU
		Release|Any CPU = Release|Any CPU
	EndGlobalSection
	GlobalSection(ProjectConfigurationPlatforms) = postSolution
		{083841E0-73E1-4289-811D-6B25AF651A7A}.Debug|Any CPU.ActiveCfg = Debug|Any CPU
		{083841E0-73E1-4289-811D-6B25AF651A7A}.Debug|Any CPU.Build.0 = Debug|Any CPU
		{083841E0-73E1-4289-811D-6B25AF651A7A}.Release|Any CPU.ActiveCfg = Release|Any CPU
		{083841E0-73E1-4289-811D-6B25AF651A7A}.Release|Any CPU.Build.0 = Release|Any CPU
	EndGlobalSection
	GlobalSection(SolutionProperties) = preSolution
		HideSolutionNode = FALSE
	EndGlobalSection
	GlobalSection(ExtensibilityGlobals) = postSolution
		SolutionGuid = {0C8B7C10-DF40-4468-AEA6-3E3B0FA27736}
	EndGlobalSection
EndGlobal
